// !$*UTF8*$!
{
	archiveVersion = 1;
	classes = {
	};
	objectVersion = 48;
	objects = {

/* Begin PBXBuildFile section */
		1E9E47DB5B989714F2260462 /* libPods-DataTransferBtwnVC.a in Frameworks */ = {isa = PBXBuildFile; fileRef = 162C522FC6EA13F4EB48242F /* libPods-DataTransferBtwnVC.a */; };
		BAA65E2AB2659EE165F4F2A9 /* libPods-DataTransferBtwnVCTests.a in Frameworks */ = {isa = PBXBuildFile; fileRef = 16659CE4989F2406757DFEFE /* libPods-DataTransferBtwnVCTests.a */; };
		C4AE63A503508C528F7D32A0 /* libPods-DataTransferBtwnVCUITests.a in Frameworks */ = {isa = PBXBuildFile; fileRef = B12D9B71C252E37AA094310A /* libPods-DataTransferBtwnVCUITests.a */; };
		D41857662043CA350039E5F2 /* AppDelegate.m in Sources */ = {isa = PBXBuildFile; fileRef = D41857652043CA350039E5F2 /* AppDelegate.m */; };
		D41857692043CA350039E5F2 /* ViewController.m in Sources */ = {isa = PBXBuildFile; fileRef = D41857682043CA350039E5F2 /* ViewController.m */; };
		D418576C2043CA350039E5F2 /* Main.storyboard in Resources */ = {isa = PBXBuildFile; fileRef = D418576A2043CA350039E5F2 /* Main.storyboard */; };
		D418576E2043CA350039E5F2 /* Assets.xcassets in Resources */ = {isa = PBXBuildFile; fileRef = D418576D2043CA350039E5F2 /* Assets.xcassets */; };
		D41857712043CA350039E5F2 /* LaunchScreen.storyboard in Resources */ = {isa = PBXBuildFile; fileRef = D418576F2043CA350039E5F2 /* LaunchScreen.storyboard */; };
		D41857742043CA350039E5F2 /* main.m in Sources */ = {isa = PBXBuildFile; fileRef = D41857732043CA350039E5F2 /* main.m */; };
		D418577E2043CA350039E5F2 /* DataTransferBtwnVCTests.m in Sources */ = {isa = PBXBuildFile; fileRef = D418577D2043CA350039E5F2 /* DataTransferBtwnVCTests.m */; };
		D41857892043CA350039E5F2 /* DataTransferBtwnVCUITests.m in Sources */ = {isa = PBXBuildFile; fileRef = D41857882043CA350039E5F2 /* DataTransferBtwnVCUITests.m */; };
		D499FB1720440A8E004AF268 /* ContactDetailsVC.m in Sources */ = {isa = PBXBuildFile; fileRef = D499FB1620440A8E004AF268 /* ContactDetailsVC.m */; };
		D499FB1D20440AF8004AF268 /* EducationalDetailsVC.m in Sources */ = {isa = PBXBuildFile; fileRef = D499FB1C20440AF8004AF268 /* EducationalDetailsVC.m */; };
		D499FB2020440B23004AF268 /* AccountDetailsVC.m in Sources */ = {isa = PBXBuildFile; fileRef = D499FB1F20440B22004AF268 /* AccountDetailsVC.m */; };
		D499FB2320440B4E004AF268 /* ProfessionalDetailsVC.m in Sources */ = {isa = PBXBuildFile; fileRef = D499FB2220440B4E004AF268 /* ProfessionalDetailsVC.m */; };
		D499FB2620440B76004AF268 /* FinalFormVC.m in Sources */ = {isa = PBXBuildFile; fileRef = D499FB2520440B76004AF268 /* FinalFormVC.m */; };
/* End PBXBuildFile section */

/* Begin PBXContainerItemProxy section */
		D418577A2043CA350039E5F2 /* PBXContainerItemProxy */ = {
			isa = PBXContainerItemProxy;
			containerPortal = D41857592043CA350039E5F2 /* Project object */;
			proxyType = 1;
			remoteGlobalIDString = D41857602043CA350039E5F2;
			remoteInfo = DataTransferBtwnVC;
		};
		D41857852043CA350039E5F2 /* PBXContainerItemProxy */ = {
			isa = PBXContainerItemProxy;
			containerPortal = D41857592043CA350039E5F2 /* Project object */;
			proxyType = 1;
			remoteGlobalIDString = D41857602043CA350039E5F2;
			remoteInfo = DataTransferBtwnVC;
		};
/* End PBXContainerItemProxy section */

/* Begin PBXFileReference section */
		162C522FC6EA13F4EB48242F /* libPods-DataTransferBtwnVC.a */ = {isa = PBXFileReference; explicitFileType = archive.ar; includeInIndex = 0; path = "libPods-DataTransferBtwnVC.a"; sourceTree = BUILT_PRODUCTS_DIR; };
		16659CE4989F2406757DFEFE /* libPods-DataTransferBtwnVCTests.a */ = {isa = PBXFileReference; explicitFileType = archive.ar; includeInIndex = 0; path = "libPods-DataTransferBtwnVCTests.a"; sourceTree = BUILT_PRODUCTS_DIR; };
		20E351FD69A1D2C5EAB0CBBB /* Pods-DataTransferBtwnVCTests.debug.xcconfig */ = {isa = PBXFileReference; includeInIndex = 1; lastKnownFileType = text.xcconfig; name = "Pods-DataTransferBtwnVCTests.debug.xcconfig"; path = "Pods/Target Support Files/Pods-DataTransferBtwnVCTests/Pods-DataTransferBtwnVCTests.debug.xcconfig"; sourceTree = "<group>"; };
		2BF36E9347C3F60E425551AE /* Pods-DataTransferBtwnVCTests.release.xcconfig */ = {isa = PBXFileReference; includeInIndex = 1; lastKnownFileType = text.xcconfig; name = "Pods-DataTransferBtwnVCTests.release.xcconfig"; path = "Pods/Target Support Files/Pods-DataTransferBtwnVCTests/Pods-DataTransferBtwnVCTests.release.xcconfig"; sourceTree = "<group>"; };
		59351712C79A88ED46DEB6AC /* Pods-DataTransferBtwnVC.release.xcconfig */ = {isa = PBXFileReference; includeInIndex = 1; lastKnownFileType = text.xcconfig; name = "Pods-DataTransferBtwnVC.release.xcconfig"; path = "Pods/Target Support Files/Pods-DataTransferBtwnVC/Pods-DataTransferBtwnVC.release.xcconfig"; sourceTree = "<group>"; };
		6A7B58C461FBCC0836F3406A /* Pods-DataTransferBtwnVCUITests.debug.xcconfig */ = {isa = PBXFileReference; includeInIndex = 1; lastKnownFileType = text.xcconfig; name = "Pods-DataTransferBtwnVCUITests.debug.xcconfig"; path = "Pods/Target Support Files/Pods-DataTransferBtwnVCUITests/Pods-DataTransferBtwnVCUITests.debug.xcconfig"; sourceTree = "<group>"; };
		B12D9B71C252E37AA094310A /* libPods-DataTransferBtwnVCUITests.a */ = {isa = PBXFileReference; explicitFileType = archive.ar; includeInIndex = 0; path = "libPods-DataTransferBtwnVCUITests.a"; sourceTree = BUILT_PRODUCTS_DIR; };
		CAC0C29B0F69E9CA06C600EF /* Pods-DataTransferBtwnVCUITests.release.xcconfig */ = {isa = PBXFileReference; includeInIndex = 1; lastKnownFileType = text.xcconfig; name = "Pods-DataTransferBtwnVCUITests.release.xcconfig"; path = "Pods/Target Support Files/Pods-DataTransferBtwnVCUITests/Pods-DataTransferBtwnVCUITests.release.xcconfig"; sourceTree = "<group>"; };
		D41857612043CA350039E5F2 /* DataTransferBtwnVC.app */ = {isa = PBXFileReference; explicitFileType = wrapper.application; includeInIndex = 0; path = DataTransferBtwnVC.app; sourceTree = BUILT_PRODUCTS_DIR; };
		D41857642043CA350039E5F2 /* AppDelegate.h */ = {isa = PBXFileReference; lastKnownFileType = sourcecode.c.h; path = AppDelegate.h; sourceTree = "<group>"; };
		D41857652043CA350039E5F2 /* AppDelegate.m */ = {isa = PBXFileReference; lastKnownFileType = sourcecode.c.objc; path = AppDelegate.m; sourceTree = "<group>"; };
		D41857672043CA350039E5F2 /* ViewController.h */ = {isa = PBXFileReference; lastKnownFileType = sourcecode.c.h; path = ViewController.h; sourceTree = "<group>"; };
		D41857682043CA350039E5F2 /* ViewController.m */ = {isa = PBXFileReference; lastKnownFileType = sourcecode.c.objc; path = ViewController.m; sourceTree = "<group>"; };
		D418576B2043CA350039E5F2 /* Base */ = {isa = PBXFileReference; lastKnownFileType = file.storyboard; name = Base; path = Base.lproj/Main.storyboard; sourceTree = "<group>"; };
		D418576D2043CA350039E5F2 /* Assets.xcassets */ = {isa = PBXFileReference; lastKnownFileType = folder.assetcatalog; path = Assets.xcassets; sourceTree = "<group>"; };
		D41857702043CA350039E5F2 /* Base */ = {isa = PBXFileReference; lastKnownFileType = file.storyboard; name = Base; path = Base.lproj/LaunchScreen.storyboard; sourceTree = "<group>"; };
		D41857722043CA350039E5F2 /* Info.plist */ = {isa = PBXFileReference; lastKnownFileType = text.plist.xml; path = Info.plist; sourceTree = "<group>"; };
		D41857732043CA350039E5F2 /* main.m */ = {isa = PBXFileReference; lastKnownFileType = sourcecode.c.objc; path = main.m; sourceTree = "<group>"; };
		D41857792043CA350039E5F2 /* DataTransferBtwnVCTests.xctest */ = {isa = PBXFileReference; explicitFileType = wrapper.cfbundle; includeInIndex = 0; path = DataTransferBtwnVCTests.xctest; sourceTree = BUILT_PRODUCTS_DIR; };
		D418577D2043CA350039E5F2 /* DataTransferBtwnVCTests.m */ = {isa = PBXFileReference; lastKnownFileType = sourcecode.c.objc; path = DataTransferBtwnVCTests.m; sourceTree = "<group>"; };
		D418577F2043CA350039E5F2 /* Info.plist */ = {isa = PBXFileReference; lastKnownFileType = text.plist.xml; path = Info.plist; sourceTree = "<group>"; };
		D41857842043CA350039E5F2 /* DataTransferBtwnVCUITests.xctest */ = {isa = PBXFileReference; explicitFileType = wrapper.cfbundle; includeInIndex = 0; path = DataTransferBtwnVCUITests.xctest; sourceTree = BUILT_PRODUCTS_DIR; };
		D41857882043CA350039E5F2 /* DataTransferBtwnVCUITests.m */ = {isa = PBXFileReference; lastKnownFileType = sourcecode.c.objc; path = DataTransferBtwnVCUITests.m; sourceTree = "<group>"; };
		D418578A2043CA350039E5F2 /* Info.plist */ = {isa = PBXFileReference; lastKnownFileType = text.plist.xml; path = Info.plist; sourceTree = "<group>"; };
		D499FB1520440A8E004AF268 /* ContactDetailsVC.h */ = {isa = PBXFileReference; lastKnownFileType = sourcecode.c.h; path = ContactDetailsVC.h; sourceTree = "<group>"; };
		D499FB1620440A8E004AF268 /* ContactDetailsVC.m */ = {isa = PBXFileReference; lastKnownFileType = sourcecode.c.objc; path = ContactDetailsVC.m; sourceTree = "<group>"; };
		D499FB1B20440AF8004AF268 /* EducationalDetailsVC.h */ = {isa = PBXFileReference; lastKnownFileType = sourcecode.c.h; path = EducationalDetailsVC.h; sourceTree = "<group>"; };
		D499FB1C20440AF8004AF268 /* EducationalDetailsVC.m */ = {isa = PBXFileReference; lastKnownFileType = sourcecode.c.objc; path = EducationalDetailsVC.m; sourceTree = "<group>"; };
		D499FB1E20440B22004AF268 /* AccountDetailsVC.h */ = {isa = PBXFileReference; lastKnownFileType = sourcecode.c.h; path = AccountDetailsVC.h; sourceTree = "<group>"; };
		D499FB1F20440B22004AF268 /* AccountDetailsVC.m */ = {isa = PBXFileReference; lastKnownFileType = sourcecode.c.objc; path = AccountDetailsVC.m; sourceTree = "<group>"; };
		D499FB2120440B4E004AF268 /* ProfessionalDetailsVC.h */ = {isa = PBXFileReference; lastKnownFileType = sourcecode.c.h; path = ProfessionalDetailsVC.h; sourceTree = "<group>"; };
		D499FB2220440B4E004AF268 /* ProfessionalDetailsVC.m */ = {isa = PBXFileReference; lastKnownFileType = sourcecode.c.objc; path = ProfessionalDetailsVC.m; sourceTree = "<group>"; };
		D499FB2420440B76004AF268 /* FinalFormVC.h */ = {isa = PBXFileReference; lastKnownFileType = sourcecode.c.h; path = FinalFormVC.h; sourceTree = "<group>"; };
		D499FB2520440B76004AF268 /* FinalFormVC.m */ = {isa = PBXFileReference; lastKnownFileType = sourcecode.c.objc; path = FinalFormVC.m; sourceTree = "<group>"; };
		E0FFB3FBCBE1BC0206F37B89 /* Pods-DataTransferBtwnVC.debug.xcconfig */ = {isa = PBXFileReference; includeInIndex = 1; lastKnownFileType = text.xcconfig; name = "Pods-DataTransferBtwnVC.debug.xcconfig"; path = "Pods/Target Support Files/Pods-DataTransferBtwnVC/Pods-DataTransferBtwnVC.debug.xcconfig"; sourceTree = "<group>"; };
/* End PBXFileReference section */

/* Begin PBXFrameworksBuildPhase section */
		D418575E2043CA350039E5F2 /* Frameworks */ = {
			isa = PBXFrameworksBuildPhase;
			buildActionMask = 2147483647;
			files = (
				1E9E47DB5B989714F2260462 /* libPods-DataTransferBtwnVC.a in Frameworks */,
			);
			runOnlyForDeploymentPostprocessing = 0;
		};
		D41857762043CA350039E5F2 /* Frameworks */ = {
			isa = PBXFrameworksBuildPhase;
			buildActionMask = 2147483647;
			files = (
				BAA65E2AB2659EE165F4F2A9 /* libPods-DataTransferBtwnVCTests.a in Frameworks */,
			);
			runOnlyForDeploymentPostprocessing = 0;
		};
		D41857812043CA350039E5F2 /* Frameworks */ = {
			isa = PBXFrameworksBuildPhase;
			buildActionMask = 2147483647;
			files = (
				C4AE63A503508C528F7D32A0 /* libPods-DataTransferBtwnVCUITests.a in Frameworks */,
			);
			runOnlyForDeploymentPostprocessing = 0;
		};
/* End PBXFrameworksBuildPhase section */

/* Begin PBXGroup section */
		9E8CDD6DE1FA715075390435 /* Pods */ = {
			isa = PBXGroup;
			children = (
				E0FFB3FBCBE1BC0206F37B89 /* Pods-DataTransferBtwnVC.debug.xcconfig */,
				59351712C79A88ED46DEB6AC /* Pods-DataTransferBtwnVC.release.xcconfig */,
				20E351FD69A1D2C5EAB0CBBB /* Pods-DataTransferBtwnVCTests.debug.xcconfig */,
				2BF36E9347C3F60E425551AE /* Pods-DataTransferBtwnVCTests.release.xcconfig */,
				6A7B58C461FBCC0836F3406A /* Pods-DataTransferBtwnVCUITests.debug.xcconfig */,
				CAC0C29B0F69E9CA06C600EF /* Pods-DataTransferBtwnVCUITests.release.xcconfig */,
			);
			name = Pods;
			sourceTree = "<group>";
		};
		D41857582043CA350039E5F2 = {
			isa = PBXGroup;
			children = (
				D41857632043CA350039E5F2 /* DataTransferBtwnVC */,
				D418577C2043CA350039E5F2 /* DataTransferBtwnVCTests */,
				D41857872043CA350039E5F2 /* DataTransferBtwnVCUITests */,
				D41857622043CA350039E5F2 /* Products */,
				9E8CDD6DE1FA715075390435 /* Pods */,
				D7895C71396F080D0BAD1B7F /* Frameworks */,
			);
			sourceTree = "<group>";
		};
		D41857622043CA350039E5F2 /* Products */ = {
			isa = PBXGroup;
			children = (
				D41857612043CA350039E5F2 /* DataTransferBtwnVC.app */,
				D41857792043CA350039E5F2 /* DataTransferBtwnVCTests.xctest */,
				D41857842043CA350039E5F2 /* DataTransferBtwnVCUITests.xctest */,
			);
			name = Products;
			sourceTree = "<group>";
		};
		D41857632043CA350039E5F2 /* DataTransferBtwnVC */ = {
			isa = PBXGroup;
			children = (
				D41857642043CA350039E5F2 /* AppDelegate.h */,
				D41857652043CA350039E5F2 /* AppDelegate.m */,
				D41857672043CA350039E5F2 /* ViewController.h */,
				D41857682043CA350039E5F2 /* ViewController.m */,
				D418576A2043CA350039E5F2 /* Main.storyboard */,
				D418576D2043CA350039E5F2 /* Assets.xcassets */,
				D418576F2043CA350039E5F2 /* LaunchScreen.storyboard */,
				D41857722043CA350039E5F2 /* Info.plist */,
				D41857732043CA350039E5F2 /* main.m */,
				D499FB1520440A8E004AF268 /* ContactDetailsVC.h */,
				D499FB1620440A8E004AF268 /* ContactDetailsVC.m */,
				D499FB1B20440AF8004AF268 /* EducationalDetailsVC.h */,
				D499FB1C20440AF8004AF268 /* EducationalDetailsVC.m */,
				D499FB1E20440B22004AF268 /* AccountDetailsVC.h */,
				D499FB1F20440B22004AF268 /* AccountDetailsVC.m */,
				D499FB2120440B4E004AF268 /* ProfessionalDetailsVC.h */,
				D499FB2220440B4E004AF268 /* ProfessionalDetailsVC.m */,
				D499FB2420440B76004AF268 /* FinalFormVC.h */,
				D499FB2520440B76004AF268 /* FinalFormVC.m */,
			);
			path = DataTransferBtwnVC;
			sourceTree = "<group>";
		};
		D418577C2043CA350039E5F2 /* DataTransferBtwnVCTests */ = {
			isa = PBXGroup;
			children = (
				D418577D2043CA350039E5F2 /* DataTransferBtwnVCTests.m */,
				D418577F2043CA350039E5F2 /* Info.plist */,
			);
			path = DataTransferBtwnVCTests;
			sourceTree = "<group>";
		};
		D41857872043CA350039E5F2 /* DataTransferBtwnVCUITests */ = {
			isa = PBXGroup;
			children = (
				D41857882043CA350039E5F2 /* DataTransferBtwnVCUITests.m */,
				D418578A2043CA350039E5F2 /* Info.plist */,
			);
			path = DataTransferBtwnVCUITests;
			sourceTree = "<group>";
		};
		D7895C71396F080D0BAD1B7F /* Frameworks */ = {
			isa = PBXGroup;
			children = (
				162C522FC6EA13F4EB48242F /* libPods-DataTransferBtwnVC.a */,
				16659CE4989F2406757DFEFE /* libPods-DataTransferBtwnVCTests.a */,
				B12D9B71C252E37AA094310A /* libPods-DataTransferBtwnVCUITests.a */,
			);
			name = Frameworks;
			sourceTree = "<group>";
		};
/* End PBXGroup section */

/* Begin PBXNativeTarget section */
		D41857602043CA350039E5F2 /* DataTransferBtwnVC */ = {
			isa = PBXNativeTarget;
			buildConfigurationList = D418578D2043CA350039E5F2 /* Build configuration list for PBXNativeTarget "DataTransferBtwnVC" */;
			buildPhases = (
				4D05CC1450CF6535FC7D6005 /* [CP] Check Pods Manifest.lock */,
				D418575D2043CA350039E5F2 /* Sources */,
				D418575E2043CA350039E5F2 /* Frameworks */,
				D418575F2043CA350039E5F2 /* Resources */,
				DDC0DCD6CEE847BEA84E7A25 /* [CP] Embed Pods Frameworks */,
				C5EED5DF04CB3F9EEDDE07CF /* [CP] Copy Pods Resources */,
			);
			buildRules = (
			);
			dependencies = (
			);
			name = DataTransferBtwnVC;
			productName = DataTransferBtwnVC;
			productReference = D41857612043CA350039E5F2 /* DataTransferBtwnVC.app */;
			productType = "com.apple.product-type.application";
		};
		D41857782043CA350039E5F2 /* DataTransferBtwnVCTests */ = {
			isa = PBXNativeTarget;
			buildConfigurationList = D41857902043CA350039E5F2 /* Build configuration list for PBXNativeTarget "DataTransferBtwnVCTests" */;
			buildPhases = (
				D46796F4CA17B6A59637ADBF /* [CP] Check Pods Manifest.lock */,
				D41857752043CA350039E5F2 /* Sources */,
				D41857762043CA350039E5F2 /* Frameworks */,
				D41857772043CA350039E5F2 /* Resources */,
				92AFE5D3DF0492E06DE635A6 /* [CP] Embed Pods Frameworks */,
				7C01BF97F99B3F303BB54A51 /* [CP] Copy Pods Resources */,
			);
			buildRules = (
			);
			dependencies = (
				D418577B2043CA350039E5F2 /* PBXTargetDependency */,
			);
			name = DataTransferBtwnVCTests;
			productName = DataTransferBtwnVCTests;
			productReference = D41857792043CA350039E5F2 /* DataTransferBtwnVCTests.xctest */;
			productType = "com.apple.product-type.bundle.unit-test";
		};
		D41857832043CA350039E5F2 /* DataTransferBtwnVCUITests */ = {
			isa = PBXNativeTarget;
			buildConfigurationList = D41857932043CA350039E5F2 /* Build configuration list for PBXNativeTarget "DataTransferBtwnVCUITests" */;
			buildPhases = (
				D4E108BBFA1898B25B970917 /* [CP] Check Pods Manifest.lock */,
				D41857802043CA350039E5F2 /* Sources */,
				D41857812043CA350039E5F2 /* Frameworks */,
				D41857822043CA350039E5F2 /* Resources */,
				B2464FDECC4DAF77466FFA31 /* [CP] Embed Pods Frameworks */,
				AD88A523494E41C5584E2BA1 /* [CP] Copy Pods Resources */,
			);
			buildRules = (
			);
			dependencies = (
				D41857862043CA350039E5F2 /* PBXTargetDependency */,
			);
			name = DataTransferBtwnVCUITests;
			productName = DataTransferBtwnVCUITests;
			productReference = D41857842043CA350039E5F2 /* DataTransferBtwnVCUITests.xctest */;
			productType = "com.apple.product-type.bundle.ui-testing";
		};
/* End PBXNativeTarget section */

/* Begin PBXProject section */
		D41857592043CA350039E5F2 /* Project object */ = {
			isa = PBXProject;
			attributes = {
				LastUpgradeCheck = 0920;
				ORGANIZATIONNAME = "Alivelu Ravula";
				TargetAttributes = {
					D41857602043CA350039E5F2 = {
						CreatedOnToolsVersion = 9.2;
						ProvisioningStyle = Automatic;
					};
					D41857782043CA350039E5F2 = {
						CreatedOnToolsVersion = 9.2;
						ProvisioningStyle = Automatic;
						TestTargetID = D41857602043CA350039E5F2;
					};
					D41857832043CA350039E5F2 = {
						CreatedOnToolsVersion = 9.2;
						ProvisioningStyle = Automatic;
						TestTargetID = D41857602043CA350039E5F2;
					};
				};
			};
			buildConfigurationList = D418575C2043CA350039E5F2 /* Build configuration list for PBXProject "DataTransferBtwnVC" */;
			compatibilityVersion = "Xcode 8.0";
			developmentRegion = en;
			hasScannedForEncodings = 0;
			knownRegions = (
				en,
				Base,
			);
			mainGroup = D41857582043CA350039E5F2;
			productRefGroup = D41857622043CA350039E5F2 /* Products */;
			projectDirPath = "";
			projectRoot = "";
			targets = (
				D41857602043CA350039E5F2 /* DataTransferBtwnVC */,
				D41857782043CA350039E5F2 /* DataTransferBtwnVCTests */,
				D41857832043CA350039E5F2 /* DataTransferBtwnVCUITests */,
			);
		};
/* End PBXProject section */

/* Begin PBXResourcesBuildPhase section */
		D418575F2043CA350039E5F2 /* Resources */ = {
			isa = PBXResourcesBuildPhase;
			buildActionMask = 2147483647;
			files = (
				D41857712043CA350039E5F2 /* LaunchScreen.storyboard in Resources */,
				D418576E2043CA350039E5F2 /* Assets.xcassets in Resources */,
				D418576C2043CA350039E5F2 /* Main.storyboard in Resources */,
			);
			runOnlyForDeploymentPostprocessing = 0;
		};
		D41857772043CA350039E5F2 /* Resources */ = {
			isa = PBXResourcesBuildPhase;
			buildActionMask = 2147483647;
			files = (
			);
			runOnlyForDeploymentPostprocessing = 0;
		};
		D41857822043CA350039E5F2 /* Resources */ = {
			isa = PBXResourcesBuildPhase;
			buildActionMask = 2147483647;
			files = (
			);
			runOnlyForDeploymentPostprocessing = 0;
		};
/* End PBXResourcesBuildPhase section */

/* Begin PBXShellScriptBuildPhase section */
		4D05CC1450CF6535FC7D6005 /* [CP] Check Pods Manifest.lock */ = {
			isa = PBXShellScriptBuildPhase;
			buildActionMask = 2147483647;
			files = (
			);
			inputPaths = (
				"${PODS_PODFILE_DIR_PATH}/Podfile.lock",
				"${PODS_ROOT}/Manifest.lock",
			);
			name = "[CP] Check Pods Manifest.lock";
			outputPaths = (
				"$(DERIVED_FILE_DIR)/Pods-DataTransferBtwnVC-checkManifestLockResult.txt",
			);
			runOnlyForDeploymentPostprocessing = 0;
			shellPath = /bin/sh;
			shellScript = "diff \"${PODS_PODFILE_DIR_PATH}/Podfile.lock\" \"${PODS_ROOT}/Manifest.lock\" > /dev/null\nif [ $? != 0 ] ; then\n    # print error to STDERR\n    echo \"error: The sandbox is not in sync with the Podfile.lock. Run 'pod install' or update your CocoaPods installation.\" >&2\n    exit 1\nfi\n# This output is used by Xcode 'outputs' to avoid re-running this script phase.\necho \"SUCCESS\" > \"${SCRIPT_OUTPUT_FILE_0}\"\n";
			showEnvVarsInLog = 0;
		};
		7C01BF97F99B3F303BB54A51 /* [CP] Copy Pods Resources */ = {
			isa = PBXShellScriptBuildPhase;
			buildActionMask = 2147483647;
			files = (
			);
			inputPaths = (
			);
			name = "[CP] Copy Pods Resources";
			outputPaths = (
			);
			runOnlyForDeploymentPostprocessing = 0;
			shellPath = /bin/sh;
			shellScript = "\"${SRCROOT}/Pods/Target Support Files/Pods-DataTransferBtwnVCTests/Pods-DataTransferBtwnVCTests-resources.sh\"\n";
			showEnvVarsInLog = 0;
		};
		92AFE5D3DF0492E06DE635A6 /* [CP] Embed Pods Frameworks */ = {
			isa = PBXShellScriptBuildPhase;
			buildActionMask = 2147483647;
			files = (
			);
			inputPaths = (
			);
			name = "[CP] Embed Pods Frameworks";
			outputPaths = (
			);
			runOnlyForDeploymentPostprocessing = 0;
			shellPath = /bin/sh;
			shellScript = "\"${SRCROOT}/Pods/Target Support Files/Pods-DataTransferBtwnVCTests/Pods-DataTransferBtwnVCTests-frameworks.sh\"\n";
			showEnvVarsInLog = 0;
		};
		AD88A523494E41C5584E2BA1 /* [CP] Copy Pods Resources */ = {
			isa = PBXShellScriptBuildPhase;
			buildActionMask = 2147483647;
			files = (
			);
			inputPaths = (
			);
			name = "[CP] Copy Pods Resources";
			outputPaths = (
			);
			runOnlyForDeploymentPostprocessing = 0;
			shellPath = /bin/sh;
			shellScript = "\"${SRCROOT}/Pods/Target Support Files/Pods-DataTransferBtwnVCUITests/Pods-DataTransferBtwnVCUITests-resources.sh\"\n";
			showEnvVarsInLog = 0;
		};
		B2464FDECC4DAF77466FFA31 /* [CP] Embed Pods Frameworks */ = {
			isa = PBXShellScriptBuildPhase;
			buildActionMask = 2147483647;
			files = (
			);
			inputPaths = (
			);
			name = "[CP] Embed Pods Frameworks";
			outputPaths = (
			);
			runOnlyForDeploymentPostprocessing = 0;
			shellPath = /bin/sh;
			shellScript = "\"${SRCROOT}/Pods/Target Support Files/Pods-DataTransferBtwnVCUITests/Pods-DataTransferBtwnVCUITests-frameworks.sh\"\n";
			showEnvVarsInLog = 0;
		};
		C5EED5DF04CB3F9EEDDE07CF /* [CP] Copy Pods Resources */ = {
			isa = PBXShellScriptBuildPhase;
			buildActionMask = 2147483647;
			files = (
			);
			inputPaths = (
				"${SRCROOT}/Pods/Target Support Files/Pods-DataTransferBtwnVC/Pods-DataTransferBtwnVC-resources.sh",
				"${PODS_ROOT}/IQKeyboardManager/IQKeyboardManager/Resources/IQKeyboardManager.bundle",
			);
			name = "[CP] Copy Pods Resources";
			outputPaths = (
				"${TARGET_BUILD_DIR}/${UNLOCALIZED_RESOURCES_FOLDER_PATH}/IQKeyboardManager.bundle",
			);
			runOnlyForDeploymentPostprocessing = 0;
			shellPath = /bin/sh;
			shellScript = "\"${SRCROOT}/Pods/Target Support Files/Pods-DataTransferBtwnVC/Pods-DataTransferBtwnVC-resources.sh\"\n";
			showEnvVarsInLog = 0;
		};
		D46796F4CA17B6A59637ADBF /* [CP] Check Pods Manifest.lock */ = {
			isa = PBXShellScriptBuildPhase;
			buildActionMask = 2147483647;
			files = (
			);
			inputPaths = (
				"${PODS_PODFILE_DIR_PATH}/Podfile.lock",
				"${PODS_ROOT}/Manifest.lock",
			);
			name = "[CP] Check Pods Manifest.lock";
			outputPaths = (
				"$(DERIVED_FILE_DIR)/Pods-DataTransferBtwnVCTests-checkManifestLockResult.txt",
			);
			runOnlyForDeploymentPostprocessing = 0;
			shellPath = /bin/sh;
			shellScript = "diff \"${PODS_PODFILE_DIR_PATH}/Podfile.lock\" \"${PODS_ROOT}/Manifest.lock\" > /dev/null\nif [ $? != 0 ] ; then\n    # print error to STDERR\n    echo \"error: The sandbox is not in sync with the Podfile.lock. Run 'pod install' or update your CocoaPods installation.\" >&2\n    exit 1\nfi\n# This output is used by Xcode 'outputs' to avoid re-running this script phase.\necho \"SUCCESS\" > \"${SCRIPT_OUTPUT_FILE_0}\"\n";
			showEnvVarsInLog = 0;
		};
		D4E108BBFA1898B25B970917 /* [CP] Check Pods Manifest.lock */ = {
			isa = PBXShellScriptBuildPhase;
			buildActionMask = 2147483647;
			files = (
			);
			inputPaths = (
				"${PODS_PODFILE_DIR_PATH}/Podfile.lock",
				"${PODS_ROOT}/Manifest.lock",
			);
			name = "[CP] Check Pods Manifest.lock";
			outputPaths = (
				"$(DERIVED_FILE_DIR)/Pods-DataTransferBtwnVCUITests-checkManifestLockResult.txt",
			);
			runOnlyForDeploymentPostprocessing = 0;
			shellPath = /bin/sh;
			shellScript = "diff \"${PODS_PODFILE_DIR_PATH}/Podfile.lock\" \"${PODS_ROOT}/Manifest.lock\" > /dev/null\nif [ $? != 0 ] ; then\n    # print error to STDERR\n    echo \"error: The sandbox is not in sync with the Podfile.lock. Run 'pod install' or update your CocoaPods installation.\" >&2\n    exit 1\nfi\n# This output is used by Xcode 'outputs' to avoid re-running this script phase.\necho \"SUCCESS\" > \"${SCRIPT_OUTPUT_FILE_0}\"\n";
			showEnvVarsInLog = 0;
		};
		DDC0DCD6CEE847BEA84E7A25 /* [CP] Embed Pods Frameworks */ = {
			isa = PBXShellScriptBuildPhase;
			buildActionMask = 2147483647;
			files = (
			);
			inputPaths = (
			);
			name = "[CP] Embed Pods Frameworks";
			outputPaths = (
			);
			runOnlyForDeploymentPostprocessing = 0;
			shellPath = /bin/sh;
			shellScript = "\"${SRCROOT}/Pods/Target Support Files/Pods-DataTransferBtwnVC/Pods-DataTransferBtwnVC-frameworks.sh\"\n";
			showEnvVarsInLog = 0;
		};
/* End PBXShellScriptBuildPhase section */

/* Begin PBXSourcesBuildPhase section */
		D418575D2043CA350039E5F2 /* Sources */ = {
			isa = PBXSourcesBuildPhase;
			buildActionMask = 2147483647;
			files = (
				D41857692043CA350039E5F2 /* ViewController.m in Sources */,
				D499FB1720440A8E004AF268 /* ContactDetailsVC.m in Sources */,
				D499FB1D20440AF8004AF268 /* EducationalDetailsVC.m in Sources */,
				D41857742043CA350039E5F2 /* main.m in Sources */,
				D499FB2320440B4E004AF268 /* ProfessionalDetailsVC.m in Sources */,
				D41857662043CA350039E5F2 /* AppDelegate.m in Sources */,
				D499FB2020440B23004AF268 /* AccountDetailsVC.m in Sources */,
				D499FB2620440B76004AF268 /* FinalFormVC.m in Sources */,
			);
			runOnlyForDeploymentPostprocessing = 0;
		};
		D41857752043CA350039E5F2 /* Sources */ = {
			isa = PBXSourcesBuildPhase;
			buildActionMask = 2147483647;
			files = (
				D418577E2043CA350039E5F2 /* DataTransferBtwnVCTests.m in Sources */,
			);
			runOnlyForDeploymentPostprocessing = 0;
		};
		D41857802043CA350039E5F2 /* Sources */ = {
			isa = PBXSourcesBuildPhase;
			buildActionMask = 2147483647;
			files = (
				D41857892043CA350039E5F2 /* DataTransferBtwnVCUITests.m in Sources */,
			);
			runOnlyForDeploymentPostprocessing = 0;
		};
/* End PBXSourcesBuildPhase section */

/* Begin PBXTargetDependency section */
		D418577B2043CA350039E5F2 /* PBXTargetDependency */ = {
			isa = PBXTargetDependency;
			target = D41857602043CA350039E5F2 /* DataTransferBtwnVC */;
			targetProxy = D418577A2043CA350039E5F2 /* PBXContainerItemProxy */;
		};
		D41857862043CA350039E5F2 /* PBXTargetDependency */ = {
			isa = PBXTargetDependency;
			target = D41857602043CA350039E5F2 /* DataTransferBtwnVC */;
			targetProxy = D41857852043CA350039E5F2 /* PBXContainerItemProxy */;
		};
/* End PBXTargetDependency section */

/* Begin PBXVariantGroup section */
		D418576A2043CA350039E5F2 /* Main.storyboard */ = {
			isa = PBXVariantGroup;
			children = (
				D418576B2043CA350039E5F2 /* Base */,
			);
			name = Main.storyboard;
			sourceTree = "<group>";
		};
		D418576F2043CA350039E5F2 /* LaunchScreen.storyboard */ = {
			isa = PBXVariantGroup;
			children = (
				D41857702043CA350039E5F2 /* Base */,
			);
			name = LaunchScreen.storyboard;
			sourceTree = "<group>";
		};
/* End PBXVariantGroup section */

/* Begin XCBuildConfiguration section */
		D418578B2043CA350039E5F2 /* Debug */ = {
			isa = XCBuildConfiguration;
			buildSettings = {
				ALWAYS_SEARCH_USER_PATHS = NO;
				CLANG_ANALYZER_NONNULL = YES;
				CLANG_ANALYZER_NUMBER_OBJECT_CONVERSION = YES_AGGRESSIVE;
				CLANG_CXX_LANGUAGE_STANDARD = "gnu++14";
				CLANG_CXX_LIBRARY = "libc++";
				CLANG_ENABLE_MODULES = YES;
				CLANG_ENABLE_OBJC_ARC = YES;
				CLANG_WARN_BLOCK_CAPTURE_AUTORELEASING = YES;
				CLANG_WARN_BOOL_CONVERSION = YES;
				CLANG_WARN_COMMA = YES;
				CLANG_WARN_CONSTANT_CONVERSION = YES;
				CLANG_WARN_DIRECT_OBJC_ISA_USAGE = YES_ERROR;
				CLANG_WARN_DOCUMENTATION_COMMENTS = YES;
				CLANG_WARN_EMPTY_BODY = YES;
				CLANG_WARN_ENUM_CONVERSION = YES;
				CLANG_WARN_INFINITE_RECURSION = YES;
				CLANG_WARN_INT_CONVERSION = YES;
				CLANG_WARN_NON_LITERAL_NULL_CONVERSION = YES;
				CLANG_WARN_OBJC_LITERAL_CONVERSION = YES;
				CLANG_WARN_OBJC_ROOT_CLASS = YES_ERROR;
				CLANG_WARN_RANGE_LOOP_ANALYSIS = YES;
				CLANG_WARN_STRICT_PROTOTYPES = YES;
				CLANG_WARN_SUSPICIOUS_MOVE = YES;
				CLANG_WARN_UNGUARDED_AVAILABILITY = YES_AGGRESSIVE;
				CLANG_WARN_UNREACHABLE_CODE = YES;
				CLANG_WARN__DUPLICATE_METHOD_MATCH = YES;
				CODE_SIGN_IDENTITY = "iPhone Developer";
				COPY_PHASE_STRIP = NO;
				DEBUG_INFORMATION_FORMAT = dwarf;
				ENABLE_STRICT_OBJC_MSGSEND = YES;
				ENABLE_TESTABILITY = YES;
				GCC_C_LANGUAGE_STANDARD = gnu11;
				GCC_DYNAMIC_NO_PIC = NO;
				GCC_NO_COMMON_BLOCKS = YES;
				GCC_OPTIMIZATION_LEVEL = 0;
				GCC_PREPROCESSOR_DEFINITIONS = (
					"DEBUG=1",
					"$(inherited)",
				);
				GCC_WARN_64_TO_32_BIT_CONVERSION = YES;
				GCC_WARN_ABOUT_RETURN_TYPE = YES_ERROR;
				GCC_WARN_UNDECLARED_SELECTOR = YES;
				GCC_WARN_UNINITIALIZED_AUTOS = YES_AGGRESSIVE;
				GCC_WARN_UNUSED_FUNCTION = YES;
				GCC_WARN_UNUSED_VARIABLE = YES;
				IPHONEOS_DEPLOYMENT_TARGET = 11.2;
				MTL_ENABLE_DEBUG_INFO = YES;
				ONLY_ACTIVE_ARCH = YES;
				SDKROOT = iphoneos;
			};
			name = Debug;
		};
		D418578C2043CA350039E5F2 /* Release */ = {
			isa = XCBuildConfiguration;
			buildSettings = {
				ALWAYS_SEARCH_USER_PATHS = NO;
				CLANG_ANALYZER_NONNULL = YES;
				CLANG_ANALYZER_NUMBER_OBJECT_CONVERSION = YES_AGGRESSIVE;
				CLANG_CXX_LANGUAGE_STANDARD = "gnu++14";
				CLANG_CXX_LIBRARY = "libc++";
				CLANG_ENABLE_MODULES = YES;
				CLANG_ENABLE_OBJC_ARC = YES;
				CLANG_WARN_BLOCK_CAPTURE_AUTORELEASING = YES;
				CLANG_WARN_BOOL_CONVERSION = YES;
				CLANG_WARN_COMMA = YES;
				CLANG_WARN_CONSTANT_CONVERSION = YES;
				CLANG_WARN_DIRECT_OBJC_ISA_USAGE = YES_ERROR;
				CLANG_WARN_DOCUMENTATION_COMMENTS = YES;
				CLANG_WARN_EMPTY_BODY = YES;
				CLANG_WARN_ENUM_CONVERSION = YES;
				CLANG_WARN_INFINITE_RECURSION = YES;
				CLANG_WARN_INT_CONVERSION = YES;
				CLANG_WARN_NON_LITERAL_NULL_CONVERSION = YES;
				CLANG_WARN_OBJC_LITERAL_CONVERSION = YES;
				CLANG_WARN_OBJC_ROOT_CLASS = YES_ERROR;
				CLANG_WARN_RANGE_LOOP_ANALYSIS = YES;
				CLANG_WARN_STRICT_PROTOTYPES = YES;
				CLANG_WARN_SUSPICIOUS_MOVE = YES;
				CLANG_WARN_UNGUARDED_AVAILABILITY = YES_AGGRESSIVE;
				CLANG_WARN_UNREACHABLE_CODE = YES;
				CLANG_WARN__DUPLICATE_METHOD_MATCH = YES;
				CODE_SIGN_IDENTITY = "iPhone Developer";
				COPY_PHASE_STRIP = NO;
				DEBUG_INFORMATION_FORMAT = "dwarf-with-dsym";
				ENABLE_NS_ASSERTIONS = NO;
				ENABLE_STRICT_OBJC_MSGSEND = YES;
				GCC_C_LANGUAGE_STANDARD = gnu11;
				GCC_NO_COMMON_BLOCKS = YES;
				GCC_WARN_64_TO_32_BIT_CONVERSION = YES;
				GCC_WARN_ABOUT_RETURN_TYPE = YES_ERROR;
				GCC_WARN_UNDECLARED_SELECTOR = YES;
				GCC_WARN_UNINITIALIZED_AUTOS = YES_AGGRESSIVE;
				GCC_WARN_UNUSED_FUNCTION = YES;
				GCC_WARN_UNUSED_VARIABLE = YES;
				IPHONEOS_DEPLOYMENT_TARGET = 11.2;
				MTL_ENABLE_DEBUG_INFO = NO;
				SDKROOT = iphoneos;
				VALIDATE_PRODUCT = YES;
			};
			name = Release;
		};
		D418578E2043CA350039E5F2 /* Debug */ = {
			isa = XCBuildConfiguration;
			baseConfigurationReference = E0FFB3FBCBE1BC0206F37B89 /* Pods-DataTransferBtwnVC.debug.xcconfig */;
			buildSettings = {
				ASSETCATALOG_COMPILER_APPICON_NAME = AppIcon;
				CODE_SIGN_STYLE = Automatic;
				INFOPLIST_FILE = DataTransferBtwnVC/Info.plist;
				LD_RUNPATH_SEARCH_PATHS = "$(inherited) @executable_path/Frameworks";
				PRODUCT_BUNDLE_IDENTIFIER = BRN.DataTransferBtwnVC;
				PRODUCT_NAME = "$(TARGET_NAME)";
				TARGETED_DEVICE_FAMILY = "1,2";
			};
			name = Debug;
		};
		D418578F2043CA350039E5F2 /* Release */ = {
			isa = XCBuildConfiguration;
			baseConfigurationReference = 59351712C79A88ED46DEB6AC /* Pods-DataTransferBtwnVC.release.xcconfig */;
			buildSettings = {
				ASSETCATALOG_COMPILER_APPICON_NAME = AppIcon;
				CODE_SIGN_STYLE = Automatic;
				INFOPLIST_FILE = DataTransferBtwnVC/Info.plist;
				LD_RUNPATH_SEARCH_PATHS = "$(inherited) @executable_path/Frameworks";
				PRODUCT_BUNDLE_IDENTIFIER = BRN.DataTransferBtwnVC;
				PRODUCT_NAME = "$(TARGET_NAME)";
				TARGETED_DEVICE_FAMILY = "1,2";
			};
			name = Release;
		};
		D41857912043CA350039E5F2 /* Debug */ = {
			isa = XCBuildConfiguration;
			baseConfigurationReference = 20E351FD69A1D2C5EAB0CBBB /* Pods-DataTransferBtwnVCTests.debug.xcconfig */;
			buildSettings = {
				BUNDLE_LOADER = "$(TEST_HOST)";
				CODE_SIGN_STYLE = Automatic;
				INFOPLIST_FILE = DataTransferBtwnVCTests/Info.plist;
				LD_RUNPATH_SEARCH_PATHS = "$(inherited) @executable_path/Frameworks @loader_path/Frameworks";
				PRODUCT_BUNDLE_IDENTIFIER = BRN.DataTransferBtwnVCTests;
				PRODUCT_NAME = "$(TARGET_NAME)";
				TARGETED_DEVICE_FAMILY = "1,2";
				TEST_HOST = "$(BUILT_PRODUCTS_DIR)/DataTransferBtwnVC.app/DataTransferBtwnVC";
			};
			name = Debug;
		};
		D41857922043CA350039E5F2 /* Release */ = {
			isa = XCBuildConfiguration;
			baseConfigurationReference = 2BF36E9347C3F60E425551AE /* Pods-DataTransferBtwnVCTests.release.xcconfig */;
			buildSettings = {
				BUNDLE_LOADER = "$(TEST_HOST)";
				CODE_SIGN_STYLE = Automatic;
				INFOPLIST_FILE = DataTransferBtwnVCTests/Info.plist;
				LD_RUNPATH_SEARCH_PATHS = "$(inherited) @executable_path/Frameworks @loader_path/Frameworks";
				PRODUCT_BUNDLE_IDENTIFIER = BRN.DataTransferBtwnVCTests;
				PRODUCT_NAME = "$(TARGET_NAME)";
				TARGETED_DEVICE_FAMILY = "1,2";
				TEST_HOST = "$(BUILT_PRODUCTS_DIR)/DataTransferBtwnVC.app/DataTransferBtwnVC";
			};
			name = Release;
		};
		D41857942043CA350039E5F2 /* Debug */ = {
			isa = XCBuildConfiguration;
			baseConfigurationReference = 6A7B58C461FBCC0836F3406A /* Pods-DataTransferBtwnVCUITests.debug.xcconfig */;
			buildSettings = {
				CODE_SIGN_STYLE = Automatic;
				INFOPLIST_FILE = DataTransferBtwnVCUITests/Info.plist;
				LD_RUNPATH_SEARCH_PATHS = "$(inherited) @executable_path/Frameworks @loader_path/Frameworks";
				PRODUCT_BUNDLE_IDENTIFIER = BRN.DataTransferBtwnVCUITests;
				PRODUCT_NAME = "$(TARGET_NAME)";
				TARGETED_DEVICE_FAMILY = "1,2";
				TEST_TARGET_NAME = DataTransferBtwnVC;
			};
			name = Debug;
		};
		D41857952043CA350039E5F2 /* Release */ = {
			isa = XCBuildConfiguration;
			baseConfigurationReference = CAC0C29B0F69E9CA06C600EF /* Pods-DataTransferBtwnVCUITests.release.xcconfig */;
			buildSettings = {
				CODE_SIGN_STYLE = Automatic;
				INFOPLIST_FILE = DataTransferBtwnVCUITests/Info.plist;
				LD_RUNPATH_SEARCH_PATHS = "$(inherited) @executable_path/Frameworks @loader_path/Frameworks";
				PRODUCT_BUNDLE_IDENTIFIER = BRN.DataTransferBtwnVCUITests;
				PRODUCT_NAME = "$(TARGET_NAME)";
				TARGETED_DEVICE_FAMILY = "1,2";
				TEST_TARGET_NAME = DataTransferBtwnVC;
			};
			name = Release;
		};
/* End XCBuildConfiguration section */

/* Begin XCConfigurationList section */
		D418575C2043CA350039E5F2 /* Build configuration list for PBXProject "DataTransferBtwnVC" */ = {
			isa = XCConfigurationList;
			buildConfigurations = (
				D418578B2043CA350039E5F2 /* Debug */,
				D418578C2043CA350039E5F2 /* Release */,
			);
			defaultConfigurationIsVisible = 0;
			defaultConfigurationName = Release;
		};
		D418578D2043CA350039E5F2 /* Build configuration list for PBXNativeTarget "DataTransferBtwnVC" */ = {
			isa = XCConfigurationList;
			buildConfigurations = (
				D418578E2043CA350039E5F2 /* Debug */,
				D418578F2043CA350039E5F2 /* Release */,
			);
			defaultConfigurationIsVisible = 0;
			defaultConfigurationName = Release;
		};
		D41857902043CA350039E5F2 /* Build configuration list for PBXNativeTarget "DataTransferBtwnVCTests" */ = {
			isa = XCConfigurationList;
			buildConfigurations = (
				D41857912043CA350039E5F2 /* Debug */,
				D41857922043CA350039E5F2 /* Release */,
			);
			defaultConfigurationIsVisible = 0;
			defaultConfigurationName = Release;
		};
		D41857932043CA350039E5F2 /* Build configuration list for PBXNativeTarget "DataTransferBtwnVCUITests" */ = {
			isa = XCConfigurationList;
			buildConfigurations = (
				D41857942043CA350039E5F2 /* Debug */,
				D41857952043CA350039E5F2 /* Release */,
			);
			defaultConfigurationIsVisible = 0;
			defaultConfigurationName = Release;
		};
/* End XCConfigurationList section */
	};
	rootObject = D41857592043CA350039E5F2 /* Project object */;
}
